
Microsoft Visual Studio Solution File, Format Version 12.00
# Visual Studio 14
VisualStudioVersion = 14.0.25420.1
MinimumVisualStudioVersion = 10.0.40219.1
Project("{FAE04EC0-301F-11D3-BF4B-00C04F79EFBC}") = "NtsqlMessagesVisualizerControl", "NtsqlMessagesVisualizerControl\NtsqlMessagesVisualizerControl.csproj", "{858A5495-6E7D-432D-AE80-5E6866AD2079}"
EndProject
Project("{FAE04EC0-301F-11D3-BF4B-00C04F79EFBC}") = "WPF startup project", "WPF startup project\WPF startup project.csproj", "{575764DA-7BB5-4366-AB7F-24A9AFC34461}"
EndProject
Global
	GlobalSection(SolutionConfigurationPlatforms) = preSolution
		Debug|Any CPU = Debug|Any CPU
		Release|Any CPU = Release|Any CPU
	EndGlobalSection
	GlobalSection(ProjectConfigurationPlatforms) = postSolution
		{858A5495-6E7D-432D-AE80-5E6866AD2079}.Debug|Any CPU.ActiveCfg = Debug|Any CPU
		{858A5495-6E7D-432D-AE80-5E6866AD2079}.Debug|Any CPU.Build.0 = Debug|Any CPU
		{858A5495-6E7D-432D-AE80-5E6866AD2079}.Release|Any CPU.ActiveCfg = Release|Any CPU
		{858A5495-6E7D-432D-AE80-5E6866AD2079}.Release|Any CPU.Build.0 = Release|Any CPU
		{575764DA-7BB5-4366-AB7F-24A9AFC34461}.Debug|Any CPU.ActiveCfg = Debug|Any CPU
		{575764DA-7BB5-4366-AB7F-24A9AFC34461}.Debug|Any CPU.Build.0 = Debug|Any CPU
		{575764DA-7BB5-4366-AB7F-24A9AFC34461}.Release|Any CPU.ActiveCfg = Release|Any CPU
		{575764DA-7BB5-4366-AB7F-24A9AFC34461}.Release|Any CPU.Build.0 = Release|Any CPU
	EndGlobalSection
	GlobalSection(SolutionProperties) = preSolution
		HideSolutionNode = FALSE
	EndGlobalSection
EndGlobal
